<Project xmlns="http://schemas.microsoft.com/developer/msbuild/2003">
    <PropertyGroup>
        <ProjectGuid>{883FC03C-9DB1-43A5-8053-5C920FDBCCAC}</ProjectGuid>
        <ProjectVersion>18.2</ProjectVersion>
        <FrameworkType>VCL</FrameworkType>
        <MainSource>X2LogNamedPipeClient.dpr</MainSource>
        <Base>True</Base>
        <Config Condition="'$(Config)'==''">Debug</Config>
        <Platform Condition="'$(Platform)'==''">Win32</Platform>
        <TargetedPlatforms>1</TargetedPlatforms>
        <AppType>Application</AppType>
    </PropertyGroup>
    <PropertyGroup Condition="'$(Config)'=='Base' or '$(Base)'!=''">
        <Base>true</Base>
    </PropertyGroup>
    <PropertyGroup Condition="('$(Platform)'=='Win32' and '$(Base)'=='true') or '$(Base_Win32)'!=''">
        <Base_Win32>true</Base_Win32>
        <CfgParent>Base</CfgParent>
        <Base>true</Base>
    </PropertyGroup>
    <PropertyGroup Condition="('$(Platform)'=='Win64' and '$(Base)'=='true') or '$(Base_Win64)'!=''">
        <Base_Win64>true</Base_Win64>
        <CfgParent>Base</CfgParent>
        <Base>true</Base>
    </PropertyGroup>
    <PropertyGroup Condition="'$(Config)'=='Debug' or '$(Cfg_1)'!=''">
        <Cfg_1>true</Cfg_1>
        <CfgParent>Base</CfgParent>
        <Base>true</Base>
    </PropertyGroup>
    <PropertyGroup Condition="('$(Platform)'=='Win32' and '$(Cfg_1)'=='true') or '$(Cfg_1_Win32)'!=''">
        <Cfg_1_Win32>true</Cfg_1_Win32>
        <CfgParent>Cfg_1</CfgParent>
        <Cfg_1>true</Cfg_1>
        <Base>true</Base>
    </PropertyGroup>
    <PropertyGroup Condition="'$(Config)'=='Release' or '$(Cfg_2)'!=''">
        <Cfg_2>true</Cfg_2>
        <CfgParent>Base</CfgParent>
        <Base>true</Base>
    </PropertyGroup>
    <PropertyGroup Condition="'$(Base)'!=''">
        <DCC_UnitSearchPath>..\;$(DCC_UnitSearchPath)</DCC_UnitSearchPath>
        <DCC_UsePackage>fmx;IndySystem;DBXInterBaseDriver;DataSnapClient;DataSnapCommon;DataSnapServer;DataSnapProviderClient;DbxCommonDriver;dbxcds;DBXOracleDriver;CustomIPTransport;dsnap;fmxase;IndyCore;inetdbxpress;IPIndyImpl;bindcompfmx;rtl;dbrtl;DbxClientDriver;bindcomp;inetdb;xmlrtl;ibxpress;IndyProtocols;DBXMySQLDriver;soaprtl;bindengine;DBXInformixDriver;DBXFirebirdDriver;inet;fmxobj;DBXSybaseASADriver;fmxdae;dbexpress;DataSnapIndy10ServerTransport;$(DCC_UsePackage)</DCC_UsePackage>
        <Icon_MainIcon>$(BDS)\bin\delphi_PROJECTICON.ico</Icon_MainIcon>
        <DCC_Namespace>System;Xml;Data;Datasnap;Web;Soap;Vcl;Vcl.Imaging;Vcl.Touch;Vcl.Samples;Vcl.Shell;$(DCC_Namespace)</DCC_Namespace>
        <VerInfo_Keys>CompanyName=;FileDescription=;FileVersion=1.0.0.0;InternalName=;LegalCopyright=;LegalTrademarks=;OriginalFilename=;ProductName=;ProductVersion=1.0.0.0;Comments=</VerInfo_Keys>
        <VerInfo_Locale>1043</VerInfo_Locale>
        <Manifest_File>None</Manifest_File>
        <DCC_DcuOutput>lib</DCC_DcuOutput>
        <DCC_ExeOutput>bin</DCC_ExeOutput>
        <SanitizedProjectName>X2LogNamedPipeClient</SanitizedProjectName>
    </PropertyGroup>
    <PropertyGroup Condition="'$(Base_Win32)'!=''">
        <DCC_UsePackage>dxdborRS16;cxLibraryRS16;dxLayoutControlRS16;dxPScxPivotGridLnkRS16;dxCoreRS16;cxExportRS16;dxBarRS16;cxSpreadSheetRS16;cxTreeListdxBarPopupMenuRS16;TeeDB;dxDBXServerModeRS16;dxPsPrVwAdvRS16;vclib;inetdbbde;dxPSCoreRS16;cxPivotGridOLAPRS16;dxPScxTLLnkRS16;dxPScxGridLnkRS16;cxPageControlRS16;dxRibbonRS16;DBXSybaseASEDriver;vclimg;fmi;cxTreeListRS16;dxComnRS16;vcldb;dxADOServerModeRS16;vcldsnap;dxBarExtDBItemsRS16;X2CLGL;DBXDb2Driver;vcl;CloudService;DBXMSSQLDriver;CodeSiteExpressPkg;FmxTeeUI;cxDataRS16;cxBarEditItemRS16;dxDockingRS16;dxPSDBTeeChartRS16;cxPageControldxBarPopupMenuRS16;cxSchedulerGridRS16;webdsnap;X2CLMB;dxBarExtItemsRS16;dxPSLnksRS16;OmniThreadLibraryRuntimeXE2;dxtrmdRS16;dxPSTeeChartRS16;adortl;dxPSdxLCLnkRS16;madBasic_;dxorgcRS16;dxWizardControlRS16;dxPScxExtCommonRS16;vcldbx;dxNavBarRS16;dxPSdxDBOCLnkRS16;cxSchedulerTreeBrowserRS16;Tee;DBXOdbcDriver;dxdbtrRS16;madDisAsm_;svnui;dxPScxSSLnkRS16;dxPScxCommonRS16;dxmdsRS16;dxPSPrVwRibbonRS16;cxPivotGridChartRS16;cxGridRS16;cxEditorsRS16;FMXTee;TeeUI;vclactnband;dxServerModeRS16;bindcompvcl;cxPivotGridRS16;dxPScxSchedulerLnkRS16;dxPSdxDBTVLnkRS16;vclie;cxSchedulerRibbonStyleEventEditorRS16;cxSchedulerRS16;madExcept_;vcltouch;websnap;VclSmp;dxTabbedMDIRS16;DataSnapConnectors;dxPSdxOCLnkRS16;dsnapcon;dxPSdxFCLnkRS16;dxThemeRS16;dxPScxPCProdRS16;vclx;svn;dxFlowChartRS16;bdertl;VirtualTreesR;dxGDIPlusRS16;dxBarDBNavRS16;$(DCC_UsePackage)</DCC_UsePackage>
        <VerInfo_IncludeVerInfo>true</VerInfo_IncludeVerInfo>
        <DCC_Namespace>Winapi;System.Win;Data.Win;Datasnap.Win;Web.Win;Soap.Win;Xml.Win;Bde;$(DCC_Namespace)</DCC_Namespace>
        <VerInfo_Locale>1033</VerInfo_Locale>
        <Manifest_File>$(BDS)\bin\default_app.manifest</Manifest_File>
        <AppEnableRuntimeThemes>true</AppEnableRuntimeThemes>
        <UWP_DelphiLogo44>$(BDS)\bin\Artwork\Windows\UWP\delphi_UwpDefault_44.png</UWP_DelphiLogo44>
        <UWP_DelphiLogo150>$(BDS)\bin\Artwork\Windows\UWP\delphi_UwpDefault_150.png</UWP_DelphiLogo150>
    </PropertyGroup>
    <PropertyGroup Condition="'$(Base_Win64)'!=''">
        <DCC_UsePackage>dxdborRS16;cxLibraryRS16;dxLayoutControlRS16;dxPScxPivotGridLnkRS16;dxCoreRS16;cxExportRS16;dxBarRS16;cxSpreadSheetRS16;cxTreeListdxBarPopupMenuRS16;TeeDB;dxDBXServerModeRS16;dxPsPrVwAdvRS16;vclib;dxPSCoreRS16;cxPivotGridOLAPRS16;dxPScxTLLnkRS16;dxPScxGridLnkRS16;cxPageControlRS16;dxRibbonRS16;DBXSybaseASEDriver;vclimg;cxTreeListRS16;dxComnRS16;vcldb;dxADOServerModeRS16;vcldsnap;dxBarExtDBItemsRS16;DBXDb2Driver;vcl;DBXMSSQLDriver;cxDataRS16;cxBarEditItemRS16;dxDockingRS16;dxPSDBTeeChartRS16;cxPageControldxBarPopupMenuRS16;webdsnap;dxBarExtItemsRS16;dxPSLnksRS16;dxPSTeeChartRS16;adortl;dxPSdxLCLnkRS16;dxorgcRS16;dxWizardControlRS16;dxPScxExtCommonRS16;dxNavBarRS16;dxPSdxDBOCLnkRS16;cxSchedulerTreeBrowserRS16;Tee;DBXOdbcDriver;dxdbtrRS16;dxPScxSSLnkRS16;dxPScxCommonRS16;dxmdsRS16;dxPSPrVwRibbonRS16;cxGridRS16;cxEditorsRS16;TeeUI;vclactnband;dxServerModeRS16;bindcompvcl;cxPivotGridRS16;dxPScxSchedulerLnkRS16;dxPSdxDBTVLnkRS16;vclie;cxSchedulerRibbonStyleEventEditorRS16;cxSchedulerRS16;vcltouch;websnap;VclSmp;dxTabbedMDIRS16;DataSnapConnectors;dxPSdxOCLnkRS16;dsnapcon;dxPSdxFCLnkRS16;dxThemeRS16;dxPScxPCProdRS16;vclx;dxFlowChartRS16;dxGDIPlusRS16;dxBarDBNavRS16;$(DCC_UsePackage)</DCC_UsePackage>
        <UWP_DelphiLogo44>$(BDS)\bin\Artwork\Windows\UWP\delphi_UwpDefault_44.png</UWP_DelphiLogo44>
        <UWP_DelphiLogo150>$(BDS)\bin\Artwork\Windows\UWP\delphi_UwpDefault_150.png</UWP_DelphiLogo150>
    </PropertyGroup>
    <PropertyGroup Condition="'$(Cfg_1)'!=''">
        <DCC_Define>DEBUG;$(DCC_Define)</DCC_Define>
        <DCC_Optimize>false</DCC_Optimize>
        <DCC_GenerateStackFrames>true</DCC_GenerateStackFrames>
        <DCC_DebugInfoInExe>true</DCC_DebugInfoInExe>
        <DCC_RemoteDebug>true</DCC_RemoteDebug>
    </PropertyGroup>
    <PropertyGroup Condition="'$(Cfg_1_Win32)'!=''">
        <Manifest_File>$(BDS)\bin\default_app.manifest</Manifest_File>
        <VerInfo_IncludeVerInfo>true</VerInfo_IncludeVerInfo>
        <VerInfo_Locale>1033</VerInfo_Locale>
        <DCC_RemoteDebug>false</DCC_RemoteDebug>
        <AppEnableRuntimeThemes>true</AppEnableRuntimeThemes>
        <BT_BuildType>Debug</BT_BuildType>
    </PropertyGroup>
    <PropertyGroup Condition="'$(Cfg_2)'!=''">
        <DCC_LocalDebugSymbols>false</DCC_LocalDebugSymbols>
        <DCC_Define>RELEASE;$(DCC_Define)</DCC_Define>
        <DCC_SymbolReferenceInfo>0</DCC_SymbolReferenceInfo>
        <DCC_DebugInformation>0</DCC_DebugInformation>
    </PropertyGroup>
    <ItemGroup>
        <DelphiCompile Include="$(MainSource)">
            <MainSource>MainSource</MainSource>
        </DelphiCompile>
        <BuildConfiguration Include="Release">
            <Key>Cfg_2</Key>
            <CfgParent>Base</CfgParent>
        </BuildConfiguration>
        <BuildConfiguration Include="Base">
            <Key>Base</Key>
        </BuildConfiguration>
        <BuildConfiguration Include="Debug">
            <Key>Cfg_1</Key>
            <CfgParent>Base</CfgParent>
        </BuildConfiguration>
    </ItemGroup>
    <ProjectExtensions>
        <Borland.Personality>Delphi.Personality.12</Borland.Personality>
        <Borland.ProjectType/>
        <BorlandProject>
            <Delphi.Personality>
                <VersionInfo>
                    <VersionInfo Name="IncludeVerInfo">False</VersionInfo>
                    <VersionInfo Name="AutoIncBuild">False</VersionInfo>
                    <VersionInfo Name="MajorVer">1</VersionInfo>
                    <VersionInfo Name="MinorVer">0</VersionInfo>
                    <VersionInfo Name="Release">0</VersionInfo>
                    <VersionInfo Name="Build">0</VersionInfo>
                    <VersionInfo Name="Debug">False</VersionInfo>
                    <VersionInfo Name="PreRelease">False</VersionInfo>
                    <VersionInfo Name="Special">False</VersionInfo>
                    <VersionInfo Name="Private">False</VersionInfo>
                    <VersionInfo Name="DLL">False</VersionInfo>
                    <VersionInfo Name="Locale">1043</VersionInfo>
                    <VersionInfo Name="CodePage">1252</VersionInfo>
                </VersionInfo>
                <VersionInfoKeys>
                    <VersionInfoKeys Name="CompanyName"/>
                    <VersionInfoKeys Name="FileDescription"/>
                    <VersionInfoKeys Name="FileVersion">1.0.0.0</VersionInfoKeys>
                    <VersionInfoKeys Name="InternalName"/>
                    <VersionInfoKeys Name="LegalCopyright"/>
                    <VersionInfoKeys Name="LegalTrademarks"/>
                    <VersionInfoKeys Name="OriginalFilename"/>
                    <VersionInfoKeys Name="ProductName"/>
                    <VersionInfoKeys Name="ProductVersion">1.0.0.0</VersionInfoKeys>
                    <VersionInfoKeys Name="Comments"/>
                </VersionInfoKeys>
                <Source>
                    <Source Name="MainSource">X2LogNamedPipeClient.dpr</Source>
                </Source>
                <Excluded_Packages>
                    <Excluded_Packages Name="F:\Components\bin\DXE2\win32\JvAppFrmDesign160.bpl">JVCL Application and Form Components</Excluded_Packages>
                    <Excluded_Packages Name="F:\Components\bin\DXE2\win32\JvBandsDesign160.bpl">JVCL Band Objects</Excluded_Packages>
                    <Excluded_Packages Name="F:\Components\bin\DXE2\win32\JvBDEDesign160.bpl">JVCL BDE Components</Excluded_Packages>
                    <Excluded_Packages Name="F:\Components\bin\DXE2\win32\JvCmpDesign160.bpl">JVCL Non-Visual Components</Excluded_Packages>
                    <Excluded_Packages Name="F:\Components\bin\DXE2\win32\JvControlsDesign160.bpl">JVCL Visual Controls</Excluded_Packages>
                    <Excluded_Packages Name="F:\Components\bin\DXE2\win32\JvCoreDesign160.bpl">JVCL Core Components</Excluded_Packages>
                    <Excluded_Packages Name="F:\Components\bin\DXE2\win32\JvCryptDesign160.bpl">JVCL Encryption and Compression</Excluded_Packages>
                    <Excluded_Packages Name="F:\Components\bin\DXE2\win32\JvCustomDesign160.bpl">JVCL Custom Controls</Excluded_Packages>
                    <Excluded_Packages Name="F:\Components\bin\DXE2\win32\JvDBDesign160.bpl">JVCL Database Components</Excluded_Packages>
                    <Excluded_Packages Name="F:\Components\bin\DXE2\win32\JvDlgsDesign160.bpl">JVCL Dialog Components</Excluded_Packages>
                    <Excluded_Packages Name="F:\Components\bin\DXE2\win32\JvDockingDesign160.bpl">JVCL Docking Components</Excluded_Packages>
                    <Excluded_Packages Name="F:\Components\bin\DXE2\win32\JvDotNetCtrlsDesign160.bpl">JVCL DotNet Controls</Excluded_Packages>
                    <Excluded_Packages Name="F:\Components\bin\DXE2\win32\JvGlobusDesign160.bpl">JVCL Globus Components</Excluded_Packages>
                    <Excluded_Packages Name="F:\Components\bin\DXE2\win32\JvHMIDesign160.bpl">JVCL HMI Controls</Excluded_Packages>
                    <Excluded_Packages Name="F:\Components\bin\DXE2\win32\JvJansDesign160.bpl">JVCL Jans Components</Excluded_Packages>
                    <Excluded_Packages Name="F:\Components\bin\DXE2\win32\JvManagedThreadsDesign160.bpl">JVCL Managed Threads</Excluded_Packages>
                    <Excluded_Packages Name="F:\Components\bin\DXE2\win32\JvMMDesign160.bpl">JVCL Multimedia and Image Components</Excluded_Packages>
                    <Excluded_Packages Name="F:\Components\bin\DXE2\win32\JvNetDesign160.bpl">JVCL Network Components</Excluded_Packages>
                    <Excluded_Packages Name="F:\Components\bin\DXE2\win32\JvPageCompsDesign160.bpl">JVCL Page Style Components</Excluded_Packages>
                    <Excluded_Packages Name="F:\Components\bin\DXE2\win32\JvPascalInterpreterDesign160.bpl">JVCL Interpreter Components</Excluded_Packages>
                    <Excluded_Packages Name="F:\Components\bin\DXE2\win32\JvPluginSystemDesign160.bpl">JVCL Plugin Components</Excluded_Packages>
                    <Excluded_Packages Name="F:\Components\bin\DXE2\win32\JvPrintPreviewDesign160.bpl">JVCL Print Preview Components</Excluded_Packages>
                    <Excluded_Packages Name="F:\Components\bin\DXE2\win32\JvRuntimeDesignDesign160.bpl">JVCL Runtime Design Components</Excluded_Packages>
                    <Excluded_Packages Name="F:\Components\bin\DXE2\win32\JvStdCtrlsDesign160.bpl">JVCL Standard Controls</Excluded_Packages>
                    <Excluded_Packages Name="F:\Components\bin\DXE2\win32\JvSystemDesign160.bpl">JVCL System Components</Excluded_Packages>
                    <Excluded_Packages Name="F:\Components\bin\DXE2\win32\JvTimeFrameworkDesign160.bpl">JVCL Time Framework</Excluded_Packages>
                    <Excluded_Packages Name="F:\Components\bin\DXE2\win32\JvWizardsDesign160.bpl">JVCL Wizard</Excluded_Packages>
                    <Excluded_Packages Name="F:\Components\bin\DXE2\win32\JvXPCtrlsDesign160.bpl">JVCL XP Controls</Excluded_Packages>
                </Excluded_Packages>
            </Delphi.Personality>
            <Deployment/>
            <Platforms>
                <Platform value="Win32">True</Platform>
                <Platform value="Win64">False</Platform>
            </Platforms>
        </BorlandProject>
        <ProjectFileVersion>12</ProjectFileVersion>
    </ProjectExtensions>
    <Import Condition="Exists('$(BDS)\Bin\CodeGear.Delphi.Targets')" Project="$(BDS)\Bin\CodeGear.Delphi.Targets"/>
    <Import Condition="Exists('$(APPDATA)\Embarcadero\$(BDSAPPDATABASEDIR)\$(PRODUCTVERSION)\UserTools.proj')" Project="$(APPDATA)\Embarcadero\$(BDSAPPDATABASEDIR)\$(PRODUCTVERSION)\UserTools.proj"/>
    <Import Project="$(MSBuildProjectName).deployproj" Condition="Exists('$(MSBuildProjectName).deployproj')"/>
</Project>
